# THIS IS AN AUTOGENERATED FILE. DO NOT EDIT THIS FILE DIRECTLY.
# yarn lockfile v1


"@napi-rs/triples@^1.0.3":
  version "1.0.3"
  resolved "https://registry.yarnpkg.com/@napi-rs/triples/-/triples-1.0.3.tgz#76d6d0c3f4d16013c61e45dfca5ff1e6c31ae53c"
  integrity sha512-jDJTpta+P4p1NZTFVLHJ/TLFVYVcOqv6l8xwOeBKNPMgY/zDYH/YH7SJbvrr/h1RcS9GzbPcLKGzpuK9cV56UA==

"@node-rs/helper@^1.0.0":
  version "1.2.1"
  resolved "https://registry.yarnpkg.com/@node-rs/helper/-/helper-1.2.1.tgz#e079b05f21ff4329d82c4e1f71c0290e4ecdc70c"
  integrity sha512-R5wEmm8nbuQU0YGGmYVjEc0OHtYsuXdpRG+Ut/3wZ9XAvQWyThN08bTh2cBJgoZxHQUPtvRfeQuxcAgLuiBISg==
  dependencies:
    "@napi-rs/triples" "^1.0.3"

"@nodelib/fs.scandir@2.1.5":
  version "2.1.5"
  resolved "https://registry.yarnpkg.com/@nodelib/fs.scandir/-/fs.scandir-2.1.5.tgz#7619c2eb21b25483f6d167548b4cfd5a7488c3d5"
  integrity sha512-vq24Bq3ym5HEQm2NKCr3yXDwjc7vTsEThRDnkp2DK9p1uqLR+DHurm/NOTo0KG7HYHU7eppKZj3MyqYuMBf62g==
  dependencies:
    "@nodelib/fs.stat" "2.0.5"
    run-parallel "^1.1.9"

"@nodelib/fs.stat@2.0.5", "@nodelib/fs.stat@^2.0.2":
  version "2.0.5"
  resolved "https://registry.yarnpkg.com/@nodelib/fs.stat/-/fs.stat-2.0.5.tgz#5bd262af94e9d25bd1e71b05deed44876a222e8b"
  integrity sha512-RkhPPp2zrqDAQA/2jNhnztcPAlv64XdhIp7a7454A5ovI7Bukxgt7MX7udwAu3zg1DcpPU0rz3VV1SeaqvY4+A==

"@nodelib/fs.walk@^1.2.3":
  version "1.2.8"
  resolved "https://registry.yarnpkg.com/@nodelib/fs.walk/-/fs.walk-1.2.8.tgz#e95737e8bb6746ddedf69c556953494f196fe69a"
  integrity sha512-oGB+UxlgWcgQkgwo8GcEGwemoTFt3FIO9ababBmaGwXIoBKZ+GTy0pP185beGg7Llih/NSHSV2XAs1lnznocSg==
  dependencies:
    "@nodelib/fs.scandir" "2.1.5"
    fastq "^1.6.0"

"@swc/cli@^0.1.51":
  version "0.1.51"
  resolved "https://registry.yarnpkg.com/@swc/cli/-/cli-0.1.51.tgz#720f2d966446558011085c2a40a65fd9079d06a1"
  integrity sha512-7eqZGpkI4QOYfF+9FV4xpT/V/LSRDs5OMJcm4Z46JnPMvv+sxumAFdCe1hHRzHgnzwis9OtjI8Tt3Srf9JudQw==
  dependencies:
    commander "^7.1.0"
    fast-glob "^3.2.5"
    slash "3.0.0"
    source-map "^0.7.3"

"@swc/core-android-arm64@1.2.95":
  version "1.2.95"
  resolved "https://registry.yarnpkg.com/@swc/core-android-arm64/-/core-android-arm64-1.2.95.tgz#393df67326577027120bd56379033ab681f9d46d"
  integrity sha512-5sG4om9aP60DRDrP2/nIHS34oSCmvu4U41jQuF0bwULp45WTIKF4DJpXzPLVV8ikfpgwgWSdMJv8AQJlSmlq+g==

"@swc/core-darwin-arm64@1.2.95":
  version "1.2.95"
  resolved "https://registry.yarnpkg.com/@swc/core-darwin-arm64/-/core-darwin-arm64-1.2.95.tgz#3e4138c5a2413ef6948cd7f689a0c098a5d84571"
  integrity sha512-3b0EK8shRKPiv0ZjDGm6JXVdZsuySoq6d3PDIw50/98/dtnDTNVdMuAPutXladXGUajN/HbeEyf/xFl3iaTkUA==

"@swc/core-darwin-x64@1.2.95":
  version "1.2.95"
  resolved "https://registry.yarnpkg.com/@swc/core-darwin-x64/-/core-darwin-x64-1.2.95.tgz#53f0c3ee6cf0508444ecfa0e5cba463b9946e010"
  integrity sha512-AAmqhj6TmrP7mXtxFnQdN1uYlzsCTUba2oxx07rlIzpDxZ+dylCaR1pzYPt22Dz/hSv1ZS318RVYDQgSNpqZkA==

"@swc/core-freebsd-x64@1.2.95":
  version "1.2.95"
  resolved "https://registry.yarnpkg.com/@swc/core-freebsd-x64/-/core-freebsd-x64-1.2.95.tgz#0ad48a19255407a4a379934b247e72ced9d9e6cf"
  integrity sha512-iAGoddNwGSHzwTN+d1nfmru+lSSVy/TR/CbGUDm08Abga17b5rBXMt8xscoSX1rU3XwqzfUuODlc8rNFDdzroA==

"@swc/core-linux-arm-gnueabihf@1.2.95":
  version "1.2.95"
  resolved "https://registry.yarnpkg.com/@swc/core-linux-arm-gnueabihf/-/core-linux-arm-gnueabihf-1.2.95.tgz#ee5b3443f3f1a711e46f87588ac967d74e5b7735"
  integrity sha512-3OUdmrF016bON1fTMp4C8yQiz7ViF5j3NZ+3wpG4FLmJpUKWQn98BvGubQoBxHOsT2HxwOOcjSG9aiN4j53q0Q==

"@swc/core-linux-arm64-gnu@1.2.95":
  version "1.2.95"
  resolved "https://registry.yarnpkg.com/@swc/core-linux-arm64-gnu/-/core-linux-arm64-gnu-1.2.95.tgz#ad3375aa580fa24732716ce68a16a544e7b15443"
  integrity sha512-jdAoiKUPrxUc0gZ76bXa3hH/RftBnZ9GFp8hHpVYw4v7LL5Vga7X3Vffjdj8ONgSO6YbVOp7k3TDS9jSeyRaDQ==

"@swc/core-linux-arm64-musl@1.2.95":
  version "1.2.95"
  resolved "https://registry.yarnpkg.com/@swc/core-linux-arm64-musl/-/core-linux-arm64-musl-1.2.95.tgz#fc5fe5e0975aac7dc9eca2390d64f5775af693e4"
  integrity sha512-hKB5GBmKKVYJtGaoRABEGH+ruGr5SdrmdS2p0kQmVUXLry4wburWcw1abr8f4RL118VT1lhqM0p6VxmnIsqLcw==

"@swc/core-linux-x64-gnu@1.2.95":
  version "1.2.95"
  resolved "https://registry.yarnpkg.com/@swc/core-linux-x64-gnu/-/core-linux-x64-gnu-1.2.95.tgz#8158285cd05c19fe49f0f65e439e0b4b953ebd25"
  integrity sha512-f7+/UD1d0cyOeMlLqgqhOpBdEUPBXrOWkv8tZXsLGpKdawcBv6QnoLfQPVmYYjFIt1bFZWMwalDU8N74QX93GQ==

"@swc/core-linux-x64-musl@1.2.95":
  version "1.2.95"
  resolved "https://registry.yarnpkg.com/@swc/core-linux-x64-musl/-/core-linux-x64-musl-1.2.95.tgz#66f6252546d37cb2011f1493b7c0492f60b8c20b"
  integrity sha512-V+N5dhHNnHw0hS4aLjecYbcflUa+XKGUbDpFyNdHTTOk+/18Wf1Cr08SbD/6EGF0OfQW1a8OZPLRSi17D53biw==

"@swc/core-win32-arm64-msvc@1.2.95":
  version "1.2.95"
  resolved "https://registry.yarnpkg.com/@swc/core-win32-arm64-msvc/-/core-win32-arm64-msvc-1.2.95.tgz#44722791fcb1b1a2753a35b0915347bb360f27dd"
  integrity sha512-jsXw99Nes5VqgrJeYuPdwHwfwdoq38t1P4i/cxbqUjXYyGHgkSXBE0smlAd00LaNQ/rkuoysJr/FzjQHXF8WQg==

"@swc/core-win32-ia32-msvc@1.2.95":
  version "1.2.95"
  resolved "https://registry.yarnpkg.com/@swc/core-win32-ia32-msvc/-/core-win32-ia32-msvc-1.2.95.tgz#8fb0e6ad3d7903d436486cd16cec0a56b0d142b4"
  integrity sha512-PTxG852WOr2c3LLm0gphH6TwJYtewhYa7YbJYNoxHf14vdt+hMAoAJyhRUQ1OOdjKhYZ13sRC4Umpy67MqlWVw==

"@swc/core-win32-x64-msvc@1.2.95":
  version "1.2.95"
  resolved "https://registry.yarnpkg.com/@swc/core-win32-x64-msvc/-/core-win32-x64-msvc-1.2.95.tgz#06c88434b2218e7f68557c085ed8b4bb2438616c"
  integrity sha512-biSwecUU8eI3i/jfZm/KiY3/Tp1B9bG6U07jNEvSQbJoTqx179+4gwKvCnO0DkDaGh19abGJVdeo8kR8YEVttA==

"@swc/core@^1.2.95":
  version "1.2.95"
  resolved "https://registry.yarnpkg.com/@swc/core/-/core-1.2.95.tgz#2a7f55404c4318d443a657e508d1a08e863d2dd9"
  integrity sha512-1uqBCVGjQ6IWAF+FewJI2HZOWMhUmh36lwdk2kmP4QeLlVPWk1AcX4o+d+4KsHZ2KGyEF08Ys4incO6kWIrnPw==
  dependencies:
    "@node-rs/helper" "^1.0.0"
  optionalDependencies:
    "@swc/core-android-arm64" "1.2.95"
    "@swc/core-darwin-arm64" "1.2.95"
    "@swc/core-darwin-x64" "1.2.95"
    "@swc/core-freebsd-x64" "1.2.95"
    "@swc/core-linux-arm-gnueabihf" "1.2.95"
    "@swc/core-linux-arm64-gnu" "1.2.95"
    "@swc/core-linux-arm64-musl" "1.2.95"
    "@swc/core-linux-x64-gnu" "1.2.95"
    "@swc/core-linux-x64-musl" "1.2.95"
    "@swc/core-win32-arm64-msvc" "1.2.95"
    "@swc/core-win32-ia32-msvc" "1.2.95"
    "@swc/core-win32-x64-msvc" "1.2.95"

"@types/node@^16.10.3":
  version "16.10.3"
  resolved "https://registry.yarnpkg.com/@types/node/-/node-16.10.3.tgz#7a8f2838603ea314d1d22bb3171d899e15c57bd5"
  integrity sha512-ho3Ruq+fFnBrZhUYI46n/bV2GjwzSkwuT4dTf0GkuNFmnb8nq4ny2z9JEVemFi6bdEJanHLlYfy9c6FN9B9McQ==

braces@^3.0.1:
  version "3.0.2"
  resolved "https://registry.yarnpkg.com/braces/-/braces-3.0.2.tgz#3454e1a462ee8d599e236df336cd9ea4f8afe107"
  integrity sha512-b8um+L1RzM3WDSzvhm6gIz1yfTbBt6YTlcEKAvsmqCZZFw46z626lVj9j1yEPW33H5H+lBQpZMP1k8l+78Ha0A==
  dependencies:
    fill-range "^7.0.1"

browserslist@^4.17.3:
  version "4.17.3"
  resolved "https://registry.yarnpkg.com/browserslist/-/browserslist-4.17.3.tgz#2844cd6eebe14d12384b0122d217550160d2d624"
  integrity sha512-59IqHJV5VGdcJZ+GZ2hU5n4Kv3YiASzW6Xk5g9tf5a/MAzGeFwgGWU39fVzNIOVcgB3+Gp+kiQu0HEfTVU/3VQ==
  dependencies:
    caniuse-lite "^1.0.30001264"
    electron-to-chromium "^1.3.857"
    escalade "^3.1.1"
    node-releases "^1.1.77"
    picocolors "^0.2.1"

caniuse-lite@^1.0.30001264:
  version "1.0.30001265"
  resolved "https://registry.yarnpkg.com/caniuse-lite/-/caniuse-lite-1.0.30001265.tgz#0613c9e6c922e422792e6fcefdf9a3afeee4f8c3"
  integrity sha512-YzBnspggWV5hep1m9Z6sZVLOt7vrju8xWooFAgN6BA5qvy98qPAPb7vNUzypFaoh2pb3vlfzbDO8tB57UPGbtw==

commander@^7.1.0:
  version "7.2.0"
  resolved "https://registry.yarnpkg.com/commander/-/commander-7.2.0.tgz#a36cb57d0b501ce108e4d20559a150a391d97ab7"
  integrity sha512-QrWXB+ZQSVPmIWIhtEO9H+gwHaMGYiF5ChvoJ+K9ZGHG/sVsa6yiesAD1GC/x46sET00Xlwo1u49RVVVzvcSkw==

electron-to-chromium@^1.3.857:
  version "1.3.864"
  resolved "https://registry.yarnpkg.com/electron-to-chromium/-/electron-to-chromium-1.3.864.tgz#6a993bcc196a2b8b3df84d28d5d4dd912393885f"
  integrity sha512-v4rbad8GO6/yVI92WOeU9Wgxc4NA0n4f6P1FvZTY+jyY7JHEhw3bduYu60v3Q1h81Cg6eo4ApZrFPuycwd5hGw==

escalade@^3.1.1:
  version "3.1.1"
  resolved "https://registry.yarnpkg.com/escalade/-/escalade-3.1.1.tgz#d8cfdc7000965c5a0174b4a82eaa5c0552742e40"
  integrity sha512-k0er2gUkLf8O0zKJiAhmkTnJlTvINGv7ygDNPbeIsX/TJjGJZHuh9B2UxbsaEkmlEo9MfhrSzmhIlhRlI2GXnw==

fast-glob@^3.2.5:
  version "3.2.7"
  resolved "https://registry.yarnpkg.com/fast-glob/-/fast-glob-3.2.7.tgz#fd6cb7a2d7e9aa7a7846111e85a196d6b2f766a1"
  integrity sha512-rYGMRwip6lUMvYD3BTScMwT1HtAs2d71SMv66Vrxs0IekGZEjhM0pcMfjQPnknBt2zeCwQMEupiN02ZP4DiT1Q==
  dependencies:
    "@nodelib/fs.stat" "^2.0.2"
    "@nodelib/fs.walk" "^1.2.3"
    glob-parent "^5.1.2"
    merge2 "^1.3.0"
    micromatch "^4.0.4"

fastq@^1.6.0:
  version "1.13.0"
  resolved "https://registry.yarnpkg.com/fastq/-/fastq-1.13.0.tgz#616760f88a7526bdfc596b7cab8c18938c36b98c"
  integrity sha512-YpkpUnK8od0o1hmeSc7UUs/eB/vIPWJYjKck2QKIzAf71Vm1AAQ3EbuZB3g2JIy+pg+ERD0vqI79KyZiB2e2Nw==
  dependencies:
    reusify "^1.0.4"

fill-range@^7.0.1:
  version "7.0.1"
  resolved "https://registry.yarnpkg.com/fill-range/-/fill-range-7.0.1.tgz#1919a6a7c75fe38b2c7c77e5198535da9acdda40"
  integrity sha512-qOo9F+dMUmC2Lcb4BbVvnKJxTPjCm+RRpe4gDuGrzkL7mEVl/djYSu2OdQ2Pa302N4oqkSg9ir6jaLWJ2USVpQ==
  dependencies:
    to-regex-range "^5.0.1"

glob-parent@^5.1.2:
  version "5.1.2"
  resolved "https://registry.yarnpkg.com/glob-parent/-/glob-parent-5.1.2.tgz#869832c58034fe68a4093c17dc15e8340d8401c4"
  integrity sha512-AOIgSQCepiJYwP3ARnGx+5VnTu2HBYdzbGP45eLw1vr3zB3vZLeyed1sC9hnbcOc9/SrMyM5RPQrkGz4aS9Zow==
  dependencies:
    is-glob "^4.0.1"

is-extglob@^2.1.1:
  version "2.1.1"
  resolved "https://registry.yarnpkg.com/is-extglob/-/is-extglob-2.1.1.tgz#a88c02535791f02ed37c76a1b9ea9773c833f8c2"
  integrity sha1-qIwCU1eR8C7TfHahueqXc8gz+MI=

is-glob@^4.0.1:
  version "4.0.3"
  resolved "https://registry.yarnpkg.com/is-glob/-/is-glob-4.0.3.tgz#64f61e42cbbb2eec2071a9dac0b28ba1e65d5084"
  integrity sha512-xelSayHH36ZgE7ZWhli7pW34hNbNl8Ojv5KVmkJD4hBdD3th8Tfk9vYasLM+mXWOZhFkgZfxhLSnrwRr4elSSg==
  dependencies:
    is-extglob "^2.1.1"

is-number@^7.0.0:
  version "7.0.0"
  resolved "https://registry.yarnpkg.com/is-number/-/is-number-7.0.0.tgz#7535345b896734d5f80c4d06c50955527a14f12b"
  integrity sha512-41Cifkg6e8TylSpdtTpeLVMqvSBEVzTttHvERD741+pnZ8ANv0004MRL43QKPDlK9cGvNp6NZWZUBlbGXYxxng==

merge2@^1.3.0:
  version "1.4.1"
  resolved "https://registry.yarnpkg.com/merge2/-/merge2-1.4.1.tgz#4368892f885e907455a6fd7dc55c0c9d404990ae"
  integrity sha512-8q7VEgMJW4J8tcfVPy8g09NcQwZdbwFEqhe/WZkoIzjn/3TGDwtOCYtXGxA3O8tPzpczCCDgv+P2P5y00ZJOOg==

micromatch@^4.0.4:
  version "4.0.4"
  resolved "https://registry.yarnpkg.com/micromatch/-/micromatch-4.0.4.tgz#896d519dfe9db25fce94ceb7a500919bf881ebf9"
  integrity sha512-pRmzw/XUcwXGpD9aI9q/0XOwLNygjETJ8y0ao0wdqprrzDa4YnxLcz7fQRZr8voh8V10kGhABbNcHVk5wHgWwg==
  dependencies:
    braces "^3.0.1"
    picomatch "^2.2.3"

node-releases@^1.1.77:
  version "1.1.77"
  resolved "https://registry.yarnpkg.com/node-releases/-/node-releases-1.1.77.tgz#50b0cfede855dd374e7585bf228ff34e57c1c32e"
  integrity sha512-rB1DUFUNAN4Gn9keO2K1efO35IDK7yKHCdCaIMvFO7yUYmmZYeDjnGKle26G4rwj+LKRQpjyUUvMkPglwGCYNQ==

picocolors@^0.2.1:
  version "0.2.1"
  resolved "https://registry.yarnpkg.com/picocolors/-/picocolors-0.2.1.tgz#570670f793646851d1ba135996962abad587859f"
  integrity sha512-cMlDqaLEqfSaW8Z7N5Jw+lyIW869EzT73/F5lhtY9cLGoVxSXznfgfXMO0Z5K0o0Q2TkTXq+0KFsdnSe3jDViA==

picomatch@^2.2.3:
  version "2.3.0"
  resolved "https://registry.yarnpkg.com/picomatch/-/picomatch-2.3.0.tgz#f1f061de8f6a4bf022892e2d128234fb98302972"
  integrity sha512-lY1Q/PiJGC2zOv/z391WOTD+Z02bCgsFfvxoXXf6h7kv9o+WmsmzYqrAwY63sNgOxE4xEdq0WyUnXfKeBrSvYw==

queue-microtask@^1.2.2:
  version "1.2.3"
  resolved "https://registry.yarnpkg.com/queue-microtask/-/queue-microtask-1.2.3.tgz#4929228bbc724dfac43e0efb058caf7b6cfb6243"
  integrity sha512-NuaNSa6flKT5JaSYQzJok04JzTL1CA6aGhv5rfLW3PgqA+M2ChpZQnAC8h8i4ZFkBS8X5RqkDBHA7r4hej3K9A==

reusify@^1.0.4:
  version "1.0.4"
  resolved "https://registry.yarnpkg.com/reusify/-/reusify-1.0.4.tgz#90da382b1e126efc02146e90845a88db12925d76"
  integrity sha512-U9nH88a3fc/ekCF1l0/UP1IosiuIjyTh7hBvXVMHYgVcfGvt897Xguj2UOLDeI5BG2m7/uwyaLVT6fbtCwTyzw==

run-parallel@^1.1.9:
  version "1.2.0"
  resolved "https://registry.yarnpkg.com/run-parallel/-/run-parallel-1.2.0.tgz#66d1368da7bdf921eb9d95bd1a9229e7f21a43ee"
  integrity sha512-5l4VyZR86LZ/lDxZTR6jqL8AFE2S0IFLMP26AbjsLVADxHdhB/c0GUsH+y39UfCi3dzz8OlQuPmnaJOMoDHQBA==
  dependencies:
    queue-microtask "^1.2.2"

slash@3.0.0:
  version "3.0.0"
  resolved "https://registry.yarnpkg.com/slash/-/slash-3.0.0.tgz#6539be870c165adbd5240220dbe361f1bc4d4634"
  integrity sha512-g9Q1haeby36OSStwb4ntCGGGaKsaVSjQ68fBxoQcutl5fS1vuY18H3wSt3jFyFtrkx+Kz0V1G85A4MyAdDMi2Q==

source-map@^0.7.3:
  version "0.7.3"
  resolved "https://registry.yarnpkg.com/source-map/-/source-map-0.7.3.tgz#5302f8169031735226544092e64981f751750383"
  integrity sha512-CkCj6giN3S+n9qrYiBTX5gystlENnRW5jZeNLHpe6aue+SrHcG5VYwujhW9s4dY31mEGsxBDrHR6oI69fTXsaQ==

to-regex-range@^5.0.1:
  version "5.0.1"
  resolved "https://registry.yarnpkg.com/to-regex-range/-/to-regex-range-5.0.1.tgz#1648c44aae7c8d988a326018ed72f5b4dd0392e4"
  integrity sha512-65P7iz6X5yEr1cwcgvQxbbIw7Uk3gOy5dIdtZ4rDveLqhrdJP+Li/Hx6tyK0NEb+2GCyneCMJiGqrADCSNk8sQ==
  dependencies:
    is-number "^7.0.0"
